// !$*UTF8*$!
{
	archiveVersion = 1;
	classes = {
	};
	objectVersion = 50;
	objects = {

/* Begin PBXBuildFile section */
		DA35C7962179E3DE00BC2858 /* MacrosTool.swift in Sources */ = {isa = PBXBuildFile; fileRef = DA35C7952179E3DE00BC2858 /* MacrosTool.swift */; };
		DA364794217D72A3002621EC /* DateExtension.swift in Sources */ = {isa = PBXBuildFile; fileRef = DA364793217D72A3002621EC /* DateExtension.swift */; };
		DA364796217D8863002621EC /* UIColorExtension.swift in Sources */ = {isa = PBXBuildFile; fileRef = DA364795217D8863002621EC /* UIColorExtension.swift */; };
		DA364798217D9806002621EC /* StringExtension.swift in Sources */ = {isa = PBXBuildFile; fileRef = DA364797217D9806002621EC /* StringExtension.swift */; };
		DA569E112174633100FC5472 /* AppDelegate.swift in Sources */ = {isa = PBXBuildFile; fileRef = DA569E102174633100FC5472 /* AppDelegate.swift */; };
		DA569E132174633100FC5472 /* ViewController.swift in Sources */ = {isa = PBXBuildFile; fileRef = DA569E122174633100FC5472 /* ViewController.swift */; };
		DA569E162174633100FC5472 /* Main.storyboard in Resources */ = {isa = PBXBuildFile; fileRef = DA569E142174633100FC5472 /* Main.storyboard */; };
		DA569E182174633200FC5472 /* Assets.xcassets in Resources */ = {isa = PBXBuildFile; fileRef = DA569E172174633200FC5472 /* Assets.xcassets */; };
		DA569E1B2174633200FC5472 /* LaunchScreen.storyboard in Resources */ = {isa = PBXBuildFile; fileRef = DA569E192174633200FC5472 /* LaunchScreen.storyboard */; };
		DA569E262174633200FC5472 /* GoalEventsTests.swift in Sources */ = {isa = PBXBuildFile; fileRef = DA569E252174633200FC5472 /* GoalEventsTests.swift */; };
		DA569E312174633200FC5472 /* GoalEventsUITests.swift in Sources */ = {isa = PBXBuildFile; fileRef = DA569E302174633200FC5472 /* GoalEventsUITests.swift */; };
		DA569E3F217464C200FC5472 /* RootViewController.swift in Sources */ = {isa = PBXBuildFile; fileRef = DA569E3E217464C200FC5472 /* RootViewController.swift */; };
/* End PBXBuildFile section */

/* Begin PBXContainerItemProxy section */
		DA569E222174633200FC5472 /* PBXContainerItemProxy */ = {
			isa = PBXContainerItemProxy;
			containerPortal = DA569E052174633100FC5472 /* Project object */;
			proxyType = 1;
			remoteGlobalIDString = DA569E0C2174633100FC5472;
			remoteInfo = GoalEvents;
		};
		DA569E2D2174633200FC5472 /* PBXContainerItemProxy */ = {
			isa = PBXContainerItemProxy;
			containerPortal = DA569E052174633100FC5472 /* Project object */;
			proxyType = 1;
			remoteGlobalIDString = DA569E0C2174633100FC5472;
			remoteInfo = GoalEvents;
		};
/* End PBXContainerItemProxy section */

/* Begin PBXFileReference section */
		DA35C7952179E3DE00BC2858 /* MacrosTool.swift */ = {isa = PBXFileReference; lastKnownFileType = sourcecode.swift; path = MacrosTool.swift; sourceTree = "<group>"; };
		DA364793217D72A3002621EC /* DateExtension.swift */ = {isa = PBXFileReference; lastKnownFileType = sourcecode.swift; path = DateExtension.swift; sourceTree = "<group>"; };
		DA364795217D8863002621EC /* UIColorExtension.swift */ = {isa = PBXFileReference; lastKnownFileType = sourcecode.swift; path = UIColorExtension.swift; sourceTree = "<group>"; };
		DA364797217D9806002621EC /* StringExtension.swift */ = {isa = PBXFileReference; lastKnownFileType = sourcecode.swift; path = StringExtension.swift; sourceTree = "<group>"; };
		DA569E0D2174633100FC5472 /* GoalEvents.app */ = {isa = PBXFileReference; explicitFileType = wrapper.application; includeInIndex = 0; path = GoalEvents.app; sourceTree = BUILT_PRODUCTS_DIR; };
		DA569E102174633100FC5472 /* AppDelegate.swift */ = {isa = PBXFileReference; lastKnownFileType = sourcecode.swift; path = AppDelegate.swift; sourceTree = "<group>"; };
		DA569E122174633100FC5472 /* ViewController.swift */ = {isa = PBXFileReference; lastKnownFileType = sourcecode.swift; path = ViewController.swift; sourceTree = "<group>"; };
		DA569E152174633100FC5472 /* Base */ = {isa = PBXFileReference; lastKnownFileType = file.storyboard; name = Base; path = Base.lproj/Main.storyboard; sourceTree = "<group>"; };
		DA569E172174633200FC5472 /* Assets.xcassets */ = {isa = PBXFileReference; lastKnownFileType = folder.assetcatalog; path = Assets.xcassets; sourceTree = "<group>"; };
		DA569E1A2174633200FC5472 /* Base */ = {isa = PBXFileReference; lastKnownFileType = file.storyboard; name = Base; path = Base.lproj/LaunchScreen.storyboard; sourceTree = "<group>"; };
		DA569E1C2174633200FC5472 /* Info.plist */ = {isa = PBXFileReference; lastKnownFileType = text.plist.xml; path = Info.plist; sourceTree = "<group>"; };
		DA569E212174633200FC5472 /* GoalEventsTests.xctest */ = {isa = PBXFileReference; explicitFileType = wrapper.cfbundle; includeInIndex = 0; path = GoalEventsTests.xctest; sourceTree = BUILT_PRODUCTS_DIR; };
		DA569E252174633200FC5472 /* GoalEventsTests.swift */ = {isa = PBXFileReference; lastKnownFileType = sourcecode.swift; path = GoalEventsTests.swift; sourceTree = "<group>"; };
		DA569E272174633200FC5472 /* Info.plist */ = {isa = PBXFileReference; lastKnownFileType = text.plist.xml; path = Info.plist; sourceTree = "<group>"; };
		DA569E2C2174633200FC5472 /* GoalEventsUITests.xctest */ = {isa = PBXFileReference; explicitFileType = wrapper.cfbundle; includeInIndex = 0; path = GoalEventsUITests.xctest; sourceTree = BUILT_PRODUCTS_DIR; };
		DA569E302174633200FC5472 /* GoalEventsUITests.swift */ = {isa = PBXFileReference; lastKnownFileType = sourcecode.swift; path = GoalEventsUITests.swift; sourceTree = "<group>"; };
		DA569E322174633200FC5472 /* Info.plist */ = {isa = PBXFileReference; lastKnownFileType = text.plist.xml; path = Info.plist; sourceTree = "<group>"; };
		DA569E3E217464C200FC5472 /* RootViewController.swift */ = {isa = PBXFileReference; lastKnownFileType = sourcecode.swift; path = RootViewController.swift; sourceTree = "<group>"; };
/* End PBXFileReference section */

/* Begin PBXFrameworksBuildPhase section */
		DA569E0A2174633100FC5472 /* Frameworks */ = {
			isa = PBXFrameworksBuildPhase;
			buildActionMask = 2147483647;
			files = (
			);
			runOnlyForDeploymentPostprocessing = 0;
		};
		DA569E1E2174633200FC5472 /* Frameworks */ = {
			isa = PBXFrameworksBuildPhase;
			buildActionMask = 2147483647;
			files = (
			);
			runOnlyForDeploymentPostprocessing = 0;
		};
		DA569E292174633200FC5472 /* Frameworks */ = {
			isa = PBXFrameworksBuildPhase;
			buildActionMask = 2147483647;
			files = (
			);
			runOnlyForDeploymentPostprocessing = 0;
		};
/* End PBXFrameworksBuildPhase section */

/* Begin PBXGroup section */
		DA569E042174633100FC5472 = {
			isa = PBXGroup;
			children = (
				DA569E0F2174633100FC5472 /* GoalEvents */,
				DA569E242174633200FC5472 /* GoalEventsTests */,
				DA569E2F2174633200FC5472 /* GoalEventsUITests */,
				DA569E0E2174633100FC5472 /* Products */,
			);
			sourceTree = "<group>";
		};
		DA569E0E2174633100FC5472 /* Products */ = {
			isa = PBXGroup;
			children = (
				DA569E0D2174633100FC5472 /* GoalEvents.app */,
				DA569E212174633200FC5472 /* GoalEventsTests.xctest */,
				DA569E2C2174633200FC5472 /* GoalEventsUITests.xctest */,
			);
			name = Products;
			sourceTree = "<group>";
		};
		DA569E0F2174633100FC5472 /* GoalEvents */ = {
			isa = PBXGroup;
			children = (
				DA569E102174633100FC5472 /* AppDelegate.swift */,
				DA569E3E217464C200FC5472 /* RootViewController.swift */,
				DA35C7952179E3DE00BC2858 /* MacrosTool.swift */,
				DA364793217D72A3002621EC /* DateExtension.swift */,
				DA364795217D8863002621EC /* UIColorExtension.swift */,
				DA364797217D9806002621EC /* StringExtension.swift */,
				DA569E122174633100FC5472 /* ViewController.swift */,
				DA569E142174633100FC5472 /* Main.storyboard */,
				DA569E172174633200FC5472 /* Assets.xcassets */,
				DA569E192174633200FC5472 /* LaunchScreen.storyboard */,
				DA569E1C2174633200FC5472 /* Info.plist */,
			);
			path = GoalEvents;
			sourceTree = "<group>";
		};
		DA569E242174633200FC5472 /* GoalEventsTests */ = {
			isa = PBXGroup;
			children = (
				DA569E252174633200FC5472 /* GoalEventsTests.swift */,
				DA569E272174633200FC5472 /* Info.plist */,
			);
			path = GoalEventsTests;
			sourceTree = "<group>";
		};
		DA569E2F2174633200FC5472 /* GoalEventsUITests */ = {
			isa = PBXGroup;
			children = (
				DA569E302174633200FC5472 /* GoalEventsUITests.swift */,
				DA569E322174633200FC5472 /* Info.plist */,
			);
			path = GoalEventsUITests;
			sourceTree = "<group>";
		};
/* End PBXGroup section */

/* Begin PBXNativeTarget section */
		DA569E0C2174633100FC5472 /* GoalEvents */ = {
			isa = PBXNativeTarget;
			buildConfigurationList = DA569E352174633200FC5472 /* Build configuration list for PBXNativeTarget "GoalEvents" */;
			buildPhases = (
				DA569E092174633100FC5472 /* Sources */,
				DA569E0A2174633100FC5472 /* Frameworks */,
				DA569E0B2174633100FC5472 /* Resources */,
			);
			buildRules = (
			);
			dependencies = (
			);
			name = GoalEvents;
			productName = GoalEvents;
			productReference = DA569E0D2174633100FC5472 /* GoalEvents.app */;
			productType = "com.apple.product-type.application";
		};
		DA569E202174633200FC5472 /* GoalEventsTests */ = {
			isa = PBXNativeTarget;
			buildConfigurationList = DA569E382174633200FC5472 /* Build configuration list for PBXNativeTarget "GoalEventsTests" */;
			buildPhases = (
				DA569E1D2174633200FC5472 /* Sources */,
				DA569E1E2174633200FC5472 /* Frameworks */,
				DA569E1F2174633200FC5472 /* Resources */,
			);
			buildRules = (
			);
			dependencies = (
				DA569E232174633200FC5472 /* PBXTargetDependency */,
			);
			name = GoalEventsTests;
			productName = GoalEventsTests;
			productReference = DA569E212174633200FC5472 /* GoalEventsTests.xctest */;
			productType = "com.apple.product-type.bundle.unit-test";
		};
		DA569E2B2174633200FC5472 /* GoalEventsUITests */ = {
			isa = PBXNativeTarget;
			buildConfigurationList = DA569E3B2174633200FC5472 /* Build configuration list for PBXNativeTarget "GoalEventsUITests" */;
			buildPhases = (
				DA569E282174633200FC5472 /* Sources */,
				DA569E292174633200FC5472 /* Frameworks */,
				DA569E2A2174633200FC5472 /* Resources */,
			);
			buildRules = (
			);
			dependencies = (
				DA569E2E2174633200FC5472 /* PBXTargetDependency */,
			);
			name = GoalEventsUITests;
			productName = GoalEventsUITests;
			productReference = DA569E2C2174633200FC5472 /* GoalEventsUITests.xctest */;
			productType = "com.apple.product-type.bundle.ui-testing";
		};
/* End PBXNativeTarget section */

/* Begin PBXProject section */
		DA569E052174633100FC5472 /* Project object */ = {
			isa = PBXProject;
			attributes = {
				LastSwiftUpdateCheck = 1000;
				LastUpgradeCheck = 1000;
				ORGANIZATIONNAME = Gooooal;
				TargetAttributes = {
					DA569E0C2174633100FC5472 = {
						CreatedOnToolsVersion = 10.0;
					};
					DA569E202174633200FC5472 = {
						CreatedOnToolsVersion = 10.0;
						TestTargetID = DA569E0C2174633100FC5472;
					};
					DA569E2B2174633200FC5472 = {
						CreatedOnToolsVersion = 10.0;
						TestTargetID = DA569E0C2174633100FC5472;
					};
				};
			};
			buildConfigurationList = DA569E082174633100FC5472 /* Build configuration list for PBXProject "GoalEvents" */;
			compatibilityVersion = "Xcode 9.3";
			developmentRegion = en;
			hasScannedForEncodings = 0;
			knownRegions = (
				en,
				Base,
			);
			mainGroup = DA569E042174633100FC5472;
			productRefGroup = DA569E0E2174633100FC5472 /* Products */;
			projectDirPath = "";
			projectRoot = "";
			targets = (
				DA569E0C2174633100FC5472 /* GoalEvents */,
				DA569E202174633200FC5472 /* GoalEventsTests */,
				DA569E2B2174633200FC5472 /* GoalEventsUITests */,
			);
		};
/* End PBXProject section */

/* Begin PBXResourcesBuildPhase section */
		DA569E0B2174633100FC5472 /* Resources */ = {
			isa = PBXResourcesBuildPhase;
			buildActionMask = 2147483647;
			files = (
				DA569E1B2174633200FC5472 /* LaunchScreen.storyboard in Resources */,
				DA569E182174633200FC5472 /* Assets.xcassets in Resources */,
				DA569E162174633100FC5472 /* Main.storyboard in Resources */,
			);
			runOnlyForDeploymentPostprocessing = 0;
		};
		DA569E1F2174633200FC5472 /* Resources */ = {
			isa = PBXResourcesBuildPhase;
			buildActionMask = 2147483647;
			files = (
			);
			runOnlyForDeploymentPostprocessing = 0;
		};
		DA569E2A2174633200FC5472 /* Resources */ = {
			isa = PBXResourcesBuildPhase;
			buildActionMask = 2147483647;
			files = (
			);
			runOnlyForDeploymentPostprocessing = 0;
		};
/* End PBXResourcesBuildPhase section */

/* Begin PBXSourcesBuildPhase section */
		DA569E092174633100FC5472 /* Sources */ = {
			isa = PBXSourcesBuildPhase;
			buildActionMask = 2147483647;
			files = (
				DA364794217D72A3002621EC /* DateExtension.swift in Sources */,
				DA364798217D9806002621EC /* StringExtension.swift in Sources */,
				DA569E132174633100FC5472 /* ViewController.swift in Sources */,
				DA569E112174633100FC5472 /* AppDelegate.swift in Sources */,
				DA364796217D8863002621EC /* UIColorExtension.swift in Sources */,
				DA35C7962179E3DE00BC2858 /* MacrosTool.swift in Sources */,
				DA569E3F217464C200FC5472 /* RootViewController.swift in Sources */,
			);
			runOnlyForDeploymentPostprocessing = 0;
		};
		DA569E1D2174633200FC5472 /* Sources */ = {
			isa = PBXSourcesBuildPhase;
			buildActionMask = 2147483647;
			files = (
				DA569E262174633200FC5472 /* GoalEventsTests.swift in Sources */,
			);
			runOnlyForDeploymentPostprocessing = 0;
		};
		DA569E282174633200FC5472 /* Sources */ = {
			isa = PBXSourcesBuildPhase;
			buildActionMask = 2147483647;
			files = (
				DA569E312174633200FC5472 /* GoalEventsUITests.swift in Sources */,
			);
			runOnlyForDeploymentPostprocessing = 0;
		};
/* End PBXSourcesBuildPhase section */

/* Begin PBXTargetDependency section */
		DA569E232174633200FC5472 /* PBXTargetDependency */ = {
			isa = PBXTargetDependency;
			target = DA569E0C2174633100FC5472 /* GoalEvents */;
			targetProxy = DA569E222174633200FC5472 /* PBXContainerItemProxy */;
		};
		DA569E2E2174633200FC5472 /* PBXTargetDependency */ = {
			isa = PBXTargetDependency;
			target = DA569E0C2174633100FC5472 /* GoalEvents */;
			targetProxy = DA569E2D2174633200FC5472 /* PBXContainerItemProxy */;
		};
/* End PBXTargetDependency section */

/* Begin PBXVariantGroup section */
		DA569E142174633100FC5472 /* Main.storyboard */ = {
			isa = PBXVariantGroup;
			children = (
				DA569E152174633100FC5472 /* Base */,
			);
			name = Main.storyboard;
			sourceTree = "<group>";
		};
		DA569E192174633200FC5472 /* LaunchScreen.storyboard */ = {
			isa = PBXVariantGroup;
			children = (
				DA569E1A2174633200FC5472 /* Base */,
			);
			name = LaunchScreen.storyboard;
			sourceTree = "<group>";
		};
/* End PBXVariantGroup section */

/* Begin XCBuildConfiguration section */
		DA569E332174633200FC5472 /* Debug */ = {
			isa = XCBuildConfiguration;
			buildSettings = {
				ALWAYS_SEARCH_USER_PATHS = NO;
				CLANG_ANALYZER_NONNULL = YES;
				CLANG_ANALYZER_NUMBER_OBJECT_CONVERSION = YES_AGGRESSIVE;
				CLANG_CXX_LANGUAGE_STANDARD = "gnu++14";
				CLANG_CXX_LIBRARY = "libc++";
				CLANG_ENABLE_MODULES = YES;
				CLANG_ENABLE_OBJC_ARC = YES;
				CLANG_ENABLE_OBJC_WEAK = YES;
				CLANG_WARN_BLOCK_CAPTURE_AUTORELEASING = YES;
				CLANG_WARN_BOOL_CONVERSION = YES;
				CLANG_WARN_COMMA = YES;
				CLANG_WARN_CONSTANT_CONVERSION = YES;
				CLANG_WARN_DEPRECATED_OBJC_IMPLEMENTATIONS = YES;
				CLANG_WARN_DIRECT_OBJC_ISA_USAGE = YES_ERROR;
				CLANG_WARN_DOCUMENTATION_COMMENTS = YES;
				CLANG_WARN_EMPTY_BODY = YES;
				CLANG_WARN_ENUM_CONVERSION = YES;
				CLANG_WARN_INFINITE_RECURSION = YES;
				CLANG_WARN_INT_CONVERSION = YES;
				CLANG_WARN_NON_LITERAL_NULL_CONVERSION = YES;
				CLANG_WARN_OBJC_IMPLICIT_RETAIN_SELF = YES;
				CLANG_WARN_OBJC_LITERAL_CONVERSION = YES;
				CLANG_WARN_OBJC_ROOT_CLASS = YES_ERROR;
				CLANG_WARN_RANGE_LOOP_ANALYSIS = YES;
				CLANG_WARN_STRICT_PROTOTYPES = YES;
				CLANG_WARN_SUSPICIOUS_MOVE = YES;
				CLANG_WARN_UNGUARDED_AVAILABILITY = YES_AGGRESSIVE;
				CLANG_WARN_UNREACHABLE_CODE = YES;
				CLANG_WARN__DUPLICATE_METHOD_MATCH = YES;
				CODE_SIGN_IDENTITY = "iPhone Developer";
				COPY_PHASE_STRIP = NO;
				DEBUG_INFORMATION_FORMAT = dwarf;
				ENABLE_STRICT_OBJC_MSGSEND = YES;
				ENABLE_TESTABILITY = YES;
				GCC_C_LANGUAGE_STANDARD = gnu11;
				GCC_DYNAMIC_NO_PIC = NO;
				GCC_NO_COMMON_BLOCKS = YES;
				GCC_OPTIMIZATION_LEVEL = 0;
				GCC_PREPROCESSOR_DEFINITIONS = (
					"DEBUG=1",
					"$(inherited)",
				);
				GCC_WARN_64_TO_32_BIT_CONVERSION = YES;
				GCC_WARN_ABOUT_RETURN_TYPE = YES_ERROR;
				GCC_WARN_UNDECLARED_SELECTOR = YES;
				GCC_WARN_UNINITIALIZED_AUTOS = YES_AGGRESSIVE;
				GCC_WARN_UNUSED_FUNCTION = YES;
				GCC_WARN_UNUSED_VARIABLE = YES;
				IPHONEOS_DEPLOYMENT_TARGET = 12.0;
				MTL_ENABLE_DEBUG_INFO = INCLUDE_SOURCE;
				MTL_FAST_MATH = YES;
				ONLY_ACTIVE_ARCH = YES;
				SDKROOT = iphoneos;
				SWIFT_ACTIVE_COMPILATION_CONDITIONS = DEBUG;
				SWIFT_OPTIMIZATION_LEVEL = "-Onone";
			};
			name = Debug;
		};
		DA569E342174633200FC5472 /* Release */ = {
			isa = XCBuildConfiguration;
			buildSettings = {
				ALWAYS_SEARCH_USER_PATHS = NO;
				CLANG_ANALYZER_NONNULL = YES;
				CLANG_ANALYZER_NUMBER_OBJECT_CONVERSION = YES_AGGRESSIVE;
				CLANG_CXX_LANGUAGE_STANDARD = "gnu++14";
				CLANG_CXX_LIBRARY = "libc++";
				CLANG_ENABLE_MODULES = YES;
				CLANG_ENABLE_OBJC_ARC = YES;
				CLANG_ENABLE_OBJC_WEAK = YES;
				CLANG_WARN_BLOCK_CAPTURE_AUTORELEASING = YES;
				CLANG_WARN_BOOL_CONVERSION = YES;
				CLANG_WARN_COMMA = YES;
				CLANG_WARN_CONSTANT_CONVERSION = YES;
				CLANG_WARN_DEPRECATED_OBJC_IMPLEMENTATIONS = YES;
				CLANG_WARN_DIRECT_OBJC_ISA_USAGE = YES_ERROR;
				CLANG_WARN_DOCUMENTATION_COMMENTS = YES;
				CLANG_WARN_EMPTY_BODY = YES;
				CLANG_WARN_ENUM_CONVERSION = YES;
				CLANG_WARN_INFINITE_RECURSION = YES;
				CLANG_WARN_INT_CONVERSION = YES;
				CLANG_WARN_NON_LITERAL_NULL_CONVERSION = YES;
				CLANG_WARN_OBJC_IMPLICIT_RETAIN_SELF = YES;
				CLANG_WARN_OBJC_LITERAL_CONVERSION = YES;
				CLANG_WARN_OBJC_ROOT_CLASS = YES_ERROR;
				CLANG_WARN_RANGE_LOOP_ANALYSIS = YES;
				CLANG_WARN_STRICT_PROTOTYPES = YES;
				CLANG_WARN_SUSPICIOUS_MOVE = YES;
				CLANG_WARN_UNGUARDED_AVAILABILITY = YES_AGGRESSIVE;
				CLANG_WARN_UNREACHABLE_CODE = YES;
				CLANG_WARN__DUPLICATE_METHOD_MATCH = YES;
				CODE_SIGN_IDENTITY = "iPhone Developer";
				COPY_PHASE_STRIP = NO;
				DEBUG_INFORMATION_FORMAT = "dwarf-with-dsym";
				ENABLE_NS_ASSERTIONS = NO;
				ENABLE_STRICT_OBJC_MSGSEND = YES;
				GCC_C_LANGUAGE_STANDARD = gnu11;
				GCC_NO_COMMON_BLOCKS = YES;
				GCC_WARN_64_TO_32_BIT_CONVERSION = YES;
				GCC_WARN_ABOUT_RETURN_TYPE = YES_ERROR;
				GCC_WARN_UNDECLARED_SELECTOR = YES;
				GCC_WARN_UNINITIALIZED_AUTOS = YES_AGGRESSIVE;
				GCC_WARN_UNUSED_FUNCTION = YES;
				GCC_WARN_UNUSED_VARIABLE = YES;
				IPHONEOS_DEPLOYMENT_TARGET = 12.0;
				MTL_ENABLE_DEBUG_INFO = NO;
				MTL_FAST_MATH = YES;
				SDKROOT = iphoneos;
				SWIFT_COMPILATION_MODE = wholemodule;
				SWIFT_OPTIMIZATION_LEVEL = "-O";
				VALIDATE_PRODUCT = YES;
			};
			name = Release;
		};
		DA569E362174633200FC5472 /* Debug */ = {
			isa = XCBuildConfiguration;
			buildSettings = {
				ASSETCATALOG_COMPILER_APPICON_NAME = AppIcon;
				CODE_SIGN_STYLE = Automatic;
				DEVELOPMENT_TEAM = JKFNXU457K;
				INFOPLIST_FILE = GoalEvents/Info.plist;
				IPHONEOS_DEPLOYMENT_TARGET = 9.0;
				LD_RUNPATH_SEARCH_PATHS = (
					"$(inherited)",
					"@executable_path/Frameworks",
				);
				PRODUCT_BUNDLE_IDENTIFIER = com.gooooal.GoalEvents;
				PRODUCT_NAME = "$(TARGET_NAME)";
				SWIFT_VERSION = 4.2;
				TARGETED_DEVICE_FAMILY = "1,2";
			};
			name = Debug;
		};
		DA569E372174633200FC5472 /* Release */ = {
			isa = XCBuildConfiguration;
			buildSettings = {
				ASSETCATALOG_COMPILER_APPICON_NAME = AppIcon;
				CODE_SIGN_STYLE = Automatic;
				DEVELOPMENT_TEAM = JKFNXU457K;
				INFOPLIST_FILE = GoalEvents/Info.plist;
				IPHONEOS_DEPLOYMENT_TARGET = 9.0;
				LD_RUNPATH_SEARCH_PATHS = (
					"$(inherited)",
					"@executable_path/Frameworks",
				);
				PRODUCT_BUNDLE_IDENTIFIER = com.gooooal.GoalEvents;
				PRODUCT_NAME = "$(TARGET_NAME)";
				SWIFT_VERSION = 4.2;
				TARGETED_DEVICE_FAMILY = "1,2";
			};
			name = Release;
		};
		DA569E392174633200FC5472 /* Debug */ = {
			isa = XCBuildConfiguration;
			buildSettings = {
				ALWAYS_EMBED_SWIFT_STANDARD_LIBRARIES = YES;
				BUNDLE_LOADER = "$(TEST_HOST)";
				CODE_SIGN_STYLE = Automatic;
				DEVELOPMENT_TEAM = JKFNXU457K;
				INFOPLIST_FILE = GoalEventsTests/Info.plist;
				LD_RUNPATH_SEARCH_PATHS = (
					"$(inherited)",
					"@executable_path/Frameworks",
					"@loader_path/Frameworks",
				);
				PRODUCT_BUNDLE_IDENTIFIER = com.gooooal.GoalEventsTests;
				PRODUCT_NAME = "$(TARGET_NAME)";
				SWIFT_VERSION = 4.2;
				TARGETED_DEVICE_FAMILY = "1,2";
				TEST_HOST = "$(BUILT_PRODUCTS_DIR)/GoalEvents.app/GoalEvents";
			};
			name = Debug;
		};
		DA569E3A2174633200FC5472 /* Release */ = {
			isa = XCBuildConfiguration;
			buildSettings = {
				ALWAYS_EMBED_SWIFT_STANDARD_LIBRARIES = YES;
				BUNDLE_LOADER = "$(TEST_HOST)";
				CODE_SIGN_STYLE = Automatic;
				DEVELOPMENT_TEAM = JKFNXU457K;
				INFOPLIST_FILE = GoalEventsTests/Info.plist;
				LD_RUNPATH_SEARCH_PATHS = (
					"$(inherited)",
					"@executable_path/Frameworks",
					"@loader_path/Frameworks",
				);
				PRODUCT_BUNDLE_IDENTIFIER = com.gooooal.GoalEventsTests;
				PRODUCT_NAME = "$(TARGET_NAME)";
				SWIFT_VERSION = 4.2;
				TARGETED_DEVICE_FAMILY = "1,2";
				TEST_HOST = "$(BUILT_PRODUCTS_DIR)/GoalEvents.app/GoalEvents";
			};
			name = Release;
		};
		DA569E3C2174633200FC5472 /* Debug */ = {
			isa = XCBuildConfiguration;
			buildSettings = {
				ALWAYS_EMBED_SWIFT_STANDARD_LIBRARIES = YES;
				CODE_SIGN_STYLE = Automatic;
				DEVELOPMENT_TEAM = JKFNXU457K;
				INFOPLIST_FILE = GoalEventsUITests/Info.plist;
				LD_RUNPATH_SEARCH_PATHS = (
					"$(inherited)",
					"@executable_path/Frameworks",
					"@loader_path/Frameworks",
				);
				PRODUCT_BUNDLE_IDENTIFIER = com.gooooal.GoalEventsUITests;
				PRODUCT_NAME = "$(TARGET_NAME)";
				SWIFT_VERSION = 4.2;
				TARGETED_DEVICE_FAMILY = "1,2";
				TEST_TARGET_NAME = GoalEvents;
			};
			name = Debug;
		};
		DA569E3D2174633200FC5472 /* Release */ = {
			isa = XCBuildConfiguration;
			buildSettings = {
				ALWAYS_EMBED_SWIFT_STANDARD_LIBRARIES = YES;
				CODE_SIGN_STYLE = Automatic;
				DEVELOPMENT_TEAM = JKFNXU457K;
				INFOPLIST_FILE = GoalEventsUITests/Info.plist;
				LD_RUNPATH_SEARCH_PATHS = (
					"$(inherited)",
					"@executable_path/Frameworks",
					"@loader_path/Frameworks",
				);
				PRODUCT_BUNDLE_IDENTIFIER = com.gooooal.GoalEventsUITests;
				PRODUCT_NAME = "$(TARGET_NAME)";
				SWIFT_VERSION = 4.2;
				TARGETED_DEVICE_FAMILY = "1,2";
				TEST_TARGET_NAME = GoalEvents;
			};
			name = Release;
		};
/* End XCBuildConfiguration section */

/* Begin XCConfigurationList section */
		DA569E082174633100FC5472 /* Build configuration list for PBXProject "GoalEvents" */ = {
			isa = XCConfigurationList;
			buildConfigurations = (
				DA569E332174633200FC5472 /* Debug */,
				DA569E342174633200FC5472 /* Release */,
			);
			defaultConfigurationIsVisible = 0;
			defaultConfigurationName = Release;
		};
		DA569E352174633200FC5472 /* Build configuration list for PBXNativeTarget "GoalEvents" */ = {
			isa = XCConfigurationList;
			buildConfigurations = (
				DA569E362174633200FC5472 /* Debug */,
				DA569E372174633200FC5472 /* Release */,
			);
			defaultConfigurationIsVisible = 0;
			defaultConfigurationName = Release;
		};
		DA569E382174633200FC5472 /* Build configuration list for PBXNativeTarget "GoalEventsTests" */ = {
			isa = XCConfigurationList;
			buildConfigurations = (
				DA569E392174633200FC5472 /* Debug */,
				DA569E3A2174633200FC5472 /* Release */,
			);
			defaultConfigurationIsVisible = 0;
			defaultConfigurationName = Release;
		};
		DA569E3B2174633200FC5472 /* Build configuration list for PBXNativeTarget "GoalEventsUITests" */ = {
			isa = XCConfigurationList;
			buildConfigurations = (
				DA569E3C2174633200FC5472 /* Debug */,
				DA569E3D2174633200FC5472 /* Release */,
			);
			defaultConfigurationIsVisible = 0;
			defaultConfigurationName = Release;
		};
/* End XCConfigurationList section */
	};
	rootObject = DA569E052174633100FC5472 /* Project object */;
}
